
Microsoft Visual Studio Solution File, Format Version 12.00
# Visual Studio 15
VisualStudioVersion = 15.0.27130.2020
MinimumVisualStudioVersion = 10.0.40219.1
Project("{FAE04EC0-301F-11D3-BF4B-00C04F79EFBC}") = "Lab16", "Lab16\Lab16.csproj", "{798FBAB0-3B8E-40DF-8B14-48AB4271ADFD}"
EndProject
Global
	GlobalSection(SolutionConfigurationPlatforms) = preSolution
		Debug|Any CPU = Debug|Any CPU
		Release|Any CPU = Release|Any CPU
	EndGlobalSection
	GlobalSection(ProjectConfigurationPlatforms) = postSolution
		{798FBAB0-3B8E-40DF-8B14-48AB4271ADFD}.Debug|Any CPU.ActiveCfg = Debug|Any CPU
		{798FBAB0-3B8E-40DF-8B14-48AB4271ADFD}.Debug|Any CPU.Build.0 = Debug|Any CPU
		{798FBAB0-3B8E-40DF-8B14-48AB4271ADFD}.Release|Any CPU.ActiveCfg = Release|Any CPU
		{798FBAB0-3B8E-40DF-8B14-48AB4271ADFD}.Release|Any CPU.Build.0 = Release|Any CPU
	EndGlobalSection
	GlobalSection(SolutionProperties) = preSolution
		HideSolutionNode = FALSE
	EndGlobalSection
	GlobalSection(ExtensibilityGlobals) = postSolution
		SolutionGuid = {2009A33A-D3B1-49F4-928A-B8A74AB0BD72}
	EndGlobalSection
EndGlobal
